
Microsoft Visual Studio Solution File, Format Version 12.00
# Visual Studio Version 17
VisualStudioVersion = 17.9.34728.123
MinimumVisualStudioVersion = 10.0.40219.1
Project("{8BC9CEB8-8B4A-11D0-8D11-00A0C91BC942}") = "RTU", "RTU\RTU.vcxproj", "{344AFBDF-FA12-454B-A1A9-E63BA617EF99}"
EndProject
Global
	GlobalSection(SolutionConfigurationPlatforms) = preSolution
		Debug|x64 = Debug|x64
		Debug|x86 = Debug|x86
		Release|x64 = Release|x64
		Release|x86 = Release|x86
	EndGlobalSection
	GlobalSection(ProjectConfigurationPlatforms) = postSolution
		{344AFBDF-FA12-454B-A1A9-E63BA617EF99}.Debug|x64.ActiveCfg = Debug|x64
		{344AFBDF-FA12-454B-A1A9-E63BA617EF99}.Debug|x64.Build.0 = Debug|x64
		{344AFBDF-FA12-454B-A1A9-E63BA617EF99}.Debug|x86.ActiveCfg = Debug|Win32
		{344AFBDF-FA12-454B-A1A9-E63BA617EF99}.Debug|x86.Build.0 = Debug|Win32
		{344AFBDF-FA12-454B-A1A9-E63BA617EF99}.Release|x64.ActiveCfg = Release|x64
		{344AFBDF-FA12-454B-A1A9-E63BA617EF99}.Release|x64.Build.0 = Release|x64
		{344AFBDF-FA12-454B-A1A9-E63BA617EF99}.Release|x86.ActiveCfg = Release|Win32
		{344AFBDF-FA12-454B-A1A9-E63BA617EF99}.Release|x86.Build.0 = Release|Win32
	EndGlobalSection
	GlobalSection(SolutionProperties) = preSolution
		HideSolutionNode = FALSE
	EndGlobalSection
	GlobalSection(ExtensibilityGlobals) = postSolution
		SolutionGuid = {237DB8C5-580D-4646-8303-BC4CE345AD62}
	EndGlobalSection
EndGlobal
